
Microsoft Visual Studio Solution File, Format Version 12.00
# Visual Studio 15
VisualStudioVersion = 15.0.28307.102
MinimumVisualStudioVersion = 10.0.40219.1
Project("{FAE04EC0-301F-11D3-BF4B-00C04F79EFBC}") = "Bowling", "Bowling\Bowling.csproj", "{B4E89C91-5A54-42C5-9281-1C7B2BE9C7E8}"
EndProject
Project("{FAE04EC0-301F-11D3-BF4B-00C04F79EFBC}") = "BowlingTests", "BowlingTests\BowlingTests.csproj", "{1FF9C17E-E242-4B48-9814-BD320A00B75B}"
EndProject
Global
	GlobalSection(SolutionConfigurationPlatforms) = preSolution
		Debug|Any CPU = Debug|Any CPU
		Release|Any CPU = Release|Any CPU
	EndGlobalSection
	GlobalSection(ProjectConfigurationPlatforms) = postSolution
		{B4E89C91-5A54-42C5-9281-1C7B2BE9C7E8}.Debug|Any CPU.ActiveCfg = Debug|Any CPU
		{B4E89C91-5A54-42C5-9281-1C7B2BE9C7E8}.Debug|Any CPU.Build.0 = Debug|Any CPU
		{B4E89C91-5A54-42C5-9281-1C7B2BE9C7E8}.Release|Any CPU.ActiveCfg = Release|Any CPU
		{B4E89C91-5A54-42C5-9281-1C7B2BE9C7E8}.Release|Any CPU.Build.0 = Release|Any CPU
		{1FF9C17E-E242-4B48-9814-BD320A00B75B}.Debug|Any CPU.ActiveCfg = Debug|Any CPU
		{1FF9C17E-E242-4B48-9814-BD320A00B75B}.Debug|Any CPU.Build.0 = Debug|Any CPU
		{1FF9C17E-E242-4B48-9814-BD320A00B75B}.Release|Any CPU.ActiveCfg = Release|Any CPU
		{1FF9C17E-E242-4B48-9814-BD320A00B75B}.Release|Any CPU.Build.0 = Release|Any CPU
	EndGlobalSection
	GlobalSection(SolutionProperties) = preSolution
		HideSolutionNode = FALSE
	EndGlobalSection
	GlobalSection(ExtensibilityGlobals) = postSolution
		SolutionGuid = {C3F8A43E-2142-4529-81F9-68CC0B9FEA14}
	EndGlobalSection
EndGlobal
